
Microsoft Visual Studio Solution File, Format Version 12.00
# Visual Studio 15
VisualStudioVersion = 15.0.28307.168
MinimumVisualStudioVersion = 10.0.40219.1
Project("{FAE04EC0-301F-11D3-BF4B-00C04F79EFBC}") = "ApiLoginConsoleApplication", "ApiLoginConsoleApplication\ApiLoginConsoleApplication.csproj", "{32B3050E-E43E-4379-84AC-2C22D6F696BB}"
EndProject
Project("{2150E333-8FDC-42A3-9474-1A3956D46DE8}") = "Solution Items", "Solution Items", "{DA5EB203-2091-48CC-8301-92CEA9E57B4E}"
	ProjectSection(SolutionItems) = preProject
		..\..\.editorconfig = ..\..\.editorconfig
	EndProjectSection
EndProject
Global
	GlobalSection(SolutionConfigurationPlatforms) = preSolution
		Debug|Any CPU = Debug|Any CPU
		Release|Any CPU = Release|Any CPU
	EndGlobalSection
	GlobalSection(ProjectConfigurationPlatforms) = postSolution
		{32B3050E-E43E-4379-84AC-2C22D6F696BB}.Debug|Any CPU.ActiveCfg = Debug|Any CPU
		{32B3050E-E43E-4379-84AC-2C22D6F696BB}.Debug|Any CPU.Build.0 = Debug|Any CPU
		{32B3050E-E43E-4379-84AC-2C22D6F696BB}.Release|Any CPU.ActiveCfg = Release|Any CPU
		{32B3050E-E43E-4379-84AC-2C22D6F696BB}.Release|Any CPU.Build.0 = Release|Any CPU
	EndGlobalSection
	GlobalSection(SolutionProperties) = preSolution
		HideSolutionNode = FALSE
	EndGlobalSection
	GlobalSection(ExtensibilityGlobals) = postSolution
		SolutionGuid = {FE16E255-1B4B-48DE-97A6-CAB856DC6AF0}
	EndGlobalSection
EndGlobal
